
Microsoft Visual Studio Solution File, Format Version 12.00
# Visual Studio Version 17
VisualStudioVersion = 17.14.36623.8 d17.14
MinimumVisualStudioVersion = 10.0.40219.1
Project("{FAE04EC0-301F-11D3-BF4B-00C04F79EFBC}") = "Program", "Program\Program.csproj", "{DAA23C0B-9DA7-4B7F-9F88-8AD8CBB730C7}"
EndProject
Global
	GlobalSection(SolutionConfigurationPlatforms) = preSolution
		Debug|Any CPU = Debug|Any CPU
		Release|Any CPU = Release|Any CPU
	EndGlobalSection
	GlobalSection(ProjectConfigurationPlatforms) = postSolution
		{DAA23C0B-9DA7-4B7F-9F88-8AD8CBB730C7}.Debug|Any CPU.ActiveCfg = Debug|Any CPU
		{DAA23C0B-9DA7-4B7F-9F88-8AD8CBB730C7}.Debug|Any CPU.Build.0 = Debug|Any CPU
		{DAA23C0B-9DA7-4B7F-9F88-8AD8CBB730C7}.Release|Any CPU.ActiveCfg = Release|Any CPU
		{DAA23C0B-9DA7-4B7F-9F88-8AD8CBB730C7}.Release|Any CPU.Build.0 = Release|Any CPU
	EndGlobalSection
	GlobalSection(SolutionProperties) = preSolution
		HideSolutionNode = FALSE
	EndGlobalSection
	GlobalSection(ExtensibilityGlobals) = postSolution
		SolutionGuid = {E2FFDEC1-9D94-461B-94DF-501A5AC03ABA}
	EndGlobalSection
EndGlobal
